schema: '2.0'
stages:
  sample_config:
    cmd: python sample_config.py
    deps:
    - path: sample_config.py
      md5: 5705218b6b384ec1ead68652e6e7792b
      size: 708
    outs:
    - path: params.yml
      md5: f3fd55e51322e1692105c34078d567c0
      size: 70
  train:
    cmd: python -m src.main
    deps:
    - path: src/
      md5: eddd9f984f2ae78d9f2e0d34d898c572.dir
      size: 9385
      nfiles: 8
    params:
      params.yml:
        batch_size: 32
        epochs: 30
        hidden: 64
        lr: 0.01
        seed: 9
    outs:
    - path: logdir/
      md5: 4c60a9d76d673e9d7f547e2e7cb9b876.dir
      size: 15904
      nfiles: 3
    - path: summary/metrics.json
      md5: bdd66ddfe595dc3231ec72237d6dd038
      size: 54
  push_to_yc:
    cmd: python push_to_yc.py
    deps:
    - path: push_to_yc.py
      md5: 907166eed6402c722a803d3a3317998c
      size: 888
  postprocess:
    cmd: python postproc.py
    deps:
    - path: logdir/
      md5: 4c60a9d76d673e9d7f547e2e7cb9b876.dir
      size: 15904
      nfiles: 3
    outs:
    - path: summary/mse_loss
      md5: 9a77f1eee933b05c887accf5bcf911f4
      size: 4162
