schema: '2.0'
stages:
  sample_config:
    cmd: python sample_config.py
    deps:
    - path: sample_config.py
      md5: 5705218b6b384ec1ead68652e6e7792b
      size: 708
    outs:
    - path: params.yml
      md5: f3fd55e51322e1692105c34078d567c0
      size: 70
  train:
    cmd: python -m src.main
    deps:
    - path: src/
      md5: ed090319c61784ccc230137299968126.dir
      size: 9657
      nfiles: 8
    params:
      params.yml:
        batch_size: 64
        epochs: 30
        hidden: 128
        lr: 0.01
        seed: 9
    outs:
    - path: logdir/
      md5: 7f1d04bfb3dcfd88101edf1adf4ac8af.dir
      size: 14114
      nfiles: 3
    - path: summary/metrics.json
      md5: b50938fe83a9b0ea25516397351e87b6
      size: 55
  push_to_yc:
    cmd: python push_to_yc.py
    deps:
    - path: push_to_yc.py
      md5: e7929553d04bc54bb06f547b2486495b
      size: 1077
  postprocess:
    cmd: python postproc.py
    deps:
    - path: logdir/
      md5: 7f1d04bfb3dcfd88101edf1adf4ac8af.dir
      size: 14114
      nfiles: 3
    outs:
    - path: summary/mse_loss
      md5: 1f7ad1501ef0ede31c63565d23ffdebd
      size: 2373
